// !$*UTF8*$!
{
	archiveVersion = 1;
	classes = {
	};
	objectVersion = 46;
	objects = {

/* Begin PBXBuildFile section */
		CF3E26571DC72CD60004A2E8 /* AppDelegate.swift in Sources */ = {isa = PBXBuildFile; fileRef = CF3E26561DC72CD60004A2E8 /* AppDelegate.swift */; };
		CF3E26591DC72CD60004A2E8 /* ViewController.swift in Sources */ = {isa = PBXBuildFile; fileRef = CF3E26581DC72CD60004A2E8 /* ViewController.swift */; };
		CF3E265C1DC72CD60004A2E8 /* Main.storyboard in Resources */ = {isa = PBXBuildFile; fileRef = CF3E265A1DC72CD60004A2E8 /* Main.storyboard */; };
		CF3E265E1DC72CD60004A2E8 /* Assets.xcassets in Resources */ = {isa = PBXBuildFile; fileRef = CF3E265D1DC72CD60004A2E8 /* Assets.xcassets */; };
		CF3E26611DC72CD60004A2E8 /* LaunchScreen.storyboard in Resources */ = {isa = PBXBuildFile; fileRef = CF3E265F1DC72CD60004A2E8 /* LaunchScreen.storyboard */; };
/* End PBXBuildFile section */

/* Begin PBXFileReference section */
		CF3E26531DC72CD60004A2E8 /* 00368044.app */ = {isa = PBXFileReference; explicitFileType = wrapper.application; includeInIndex = 0; path = 00368044.app; sourceTree = BUILT_PRODUCTS_DIR; };
		CF3E26561DC72CD60004A2E8 /* AppDelegate.swift */ = {isa = PBXFileReference; lastKnownFileType = sourcecode.swift; path = AppDelegate.swift; sourceTree = "<group>"; };
		CF3E26581DC72CD60004A2E8 /* ViewController.swift */ = {isa = PBXFileReference; lastKnownFileType = sourcecode.swift; path = ViewController.swift; sourceTree = "<group>"; };
		CF3E265B1DC72CD60004A2E8 /* Base */ = {isa = PBXFileReference; lastKnownFileType = file.storyboard; name = Base; path = Base.lproj/Main.storyboard; sourceTree = "<group>"; };
		CF3E265D1DC72CD60004A2E8 /* Assets.xcassets */ = {isa = PBXFileReference; lastKnownFileType = folder.assetcatalog; path = Assets.xcassets; sourceTree = "<group>"; };
		CF3E26601DC72CD60004A2E8 /* Base */ = {isa = PBXFileReference; lastKnownFileType = file.storyboard; name = Base; path = Base.lproj/LaunchScreen.storyboard; sourceTree = "<group>"; };
		CF3E26621DC72CD60004A2E8 /* Info.plist */ = {isa = PBXFileReference; lastKnownFileType = text.plist.xml; path = Info.plist; sourceTree = "<group>"; };
/* End PBXFileReference section */

/* Begin PBXFrameworksBuildPhase section */
		CF3E26501DC72CD50004A2E8 /* Frameworks */ = {
			isa = PBXFrameworksBuildPhase;
			buildActionMask = 2147483647;
			files = (
			);
			runOnlyForDeploymentPostprocessing = 0;
		};
/* End PBXFrameworksBuildPhase section */

/* Begin PBXGroup section */
		CF3E264A1DC72CD50004A2E8 = {
			isa = PBXGroup;
			children = (
				CF3E26551DC72CD60004A2E8 /* 00368044 */,
				CF3E26541DC72CD60004A2E8 /* Products */,
			);
			sourceTree = "<group>";
		};
		CF3E26541DC72CD60004A2E8 /* Products */ = {
			isa = PBXGroup;
			children = (
				CF3E26531DC72CD60004A2E8 /* 00368044.app */,
			);
			name = Products;
			sourceTree = "<group>";
		};
		CF3E26551DC72CD60004A2E8 /* 00368044 */ = {
			isa = PBXGroup;
			children = (
				CF3E26561DC72CD60004A2E8 /* AppDelegate.swift */,
				CF3E26581DC72CD60004A2E8 /* ViewController.swift */,
				CF3E265A1DC72CD60004A2E8 /* Main.storyboard */,
				CF3E265D1DC72CD60004A2E8 /* Assets.xcassets */,
				CF3E265F1DC72CD60004A2E8 /* LaunchScreen.storyboard */,
				CF3E26621DC72CD60004A2E8 /* Info.plist */,
			);
			path = 00368044;
			sourceTree = "<group>";
		};
/* End PBXGroup section */

/* Begin PBXNativeTarget section */
		CF3E26521DC72CD50004A2E8 /* 00368044 */ = {
			isa = PBXNativeTarget;
			buildConfigurationList = CF3E26651DC72CD60004A2E8 /* Build configuration list for PBXNativeTarget "00368044" */;
			buildPhases = (
				CF3E264F1DC72CD50004A2E8 /* Sources */,
				CF3E26501DC72CD50004A2E8 /* Frameworks */,
				CF3E26511DC72CD50004A2E8 /* Resources */,
			);
			buildRules = (
			);
			dependencies = (
			);
			name = 00368044;
			productName = 00368044;
			productReference = CF3E26531DC72CD60004A2E8 /* 00368044.app */;
			productType = "com.apple.product-type.application";
		};
/* End PBXNativeTarget section */

/* Begin PBXProject section */
		CF3E264B1DC72CD50004A2E8 /* Project object */ = {
			isa = PBXProject;
			attributes = {
				LastSwiftUpdateCheck = 0800;
				LastUpgradeCheck = 0800;
				ORGANIZATIONNAME = "Ppwen chen";
				TargetAttributes = {
					CF3E26521DC72CD50004A2E8 = {
						CreatedOnToolsVersion = 8.0;
						ProvisioningStyle = Automatic;
					};
				};
			};
			buildConfigurationList = CF3E264E1DC72CD50004A2E8 /* Build configuration list for PBXProject "00368044" */;
			compatibilityVersion = "Xcode 3.2";
			developmentRegion = English;
			hasScannedForEncodings = 0;
			knownRegions = (
				en,
				Base,
			);
			mainGroup = CF3E264A1DC72CD50004A2E8;
			productRefGroup = CF3E26541DC72CD60004A2E8 /* Products */;
			projectDirPath = "";
			projectRoot = "";
			targets = (
				CF3E26521DC72CD50004A2E8 /* 00368044 */,
			);
		};
/* End PBXProject section */

/* Begin PBXResourcesBuildPhase section */
		CF3E26511DC72CD50004A2E8 /* Resources */ = {
			isa = PBXResourcesBuildPhase;
			buildActionMask = 2147483647;
			files = (
				CF3E26611DC72CD60004A2E8 /* LaunchScreen.storyboard in Resources */,
				CF3E265E1DC72CD60004A2E8 /* Assets.xcassets in Resources */,
				CF3E265C1DC72CD60004A2E8 /* Main.storyboard in Resources */,
			);
			runOnlyForDeploymentPostprocessing = 0;
		};
/* End PBXResourcesBuildPhase section */

/* Begin PBXSourcesBuildPhase section */
		CF3E264F1DC72CD50004A2E8 /* Sources */ = {
			isa = PBXSourcesBuildPhase;
			buildActionMask = 2147483647;
			files = (
				CF3E26591DC72CD60004A2E8 /* ViewController.swift in Sources */,
				CF3E26571DC72CD60004A2E8 /* AppDelegate.swift in Sources */,
			);
			runOnlyForDeploymentPostprocessing = 0;
		};
/* End PBXSourcesBuildPhase section */

/* Begin PBXVariantGroup section */
		CF3E265A1DC72CD60004A2E8 /* Main.storyboard */ = {
			isa = PBXVariantGroup;
			children = (
				CF3E265B1DC72CD60004A2E8 /* Base */,
			);
			name = Main.storyboard;
			sourceTree = "<group>";
		};
		CF3E265F1DC72CD60004A2E8 /* LaunchScreen.storyboard */ = {
			isa = PBXVariantGroup;
			children = (
				CF3E26601DC72CD60004A2E8 /* Base */,
			);
			name = LaunchScreen.storyboard;
			sourceTree = "<group>";
		};
/* End PBXVariantGroup section */

/* Begin XCBuildConfiguration section */
		CF3E26631DC72CD60004A2E8 /* Debug */ = {
			isa = XCBuildConfiguration;
			buildSettings = {
				ALWAYS_SEARCH_USER_PATHS = NO;
				CLANG_ANALYZER_NONNULL = YES;
				CLANG_CXX_LANGUAGE_STANDARD = "gnu++0x";
				CLANG_CXX_LIBRARY = "libc++";
				CLANG_ENABLE_MODULES = YES;
				CLANG_ENABLE_OBJC_ARC = YES;
				CLANG_WARN_BOOL_CONVERSION = YES;
				CLANG_WARN_CONSTANT_CONVERSION = YES;
				CLANG_WARN_DIRECT_OBJC_ISA_USAGE = YES_ERROR;
				CLANG_WARN_DOCUMENTATION_COMMENTS = YES;
				CLANG_WARN_EMPTY_BODY = YES;
				CLANG_WARN_ENUM_CONVERSION = YES;
				CLANG_WARN_INFINITE_RECURSION = YES;
				CLANG_WARN_INT_CONVERSION = YES;
				CLANG_WARN_OBJC_ROOT_CLASS = YES_ERROR;
				CLANG_WARN_SUSPICIOUS_MOVES = YES;
				CLANG_WARN_UNREACHABLE_CODE = YES;
				CLANG_WARN__DUPLICATE_METHOD_MATCH = YES;
				"CODE_SIGN_IDENTITY[sdk=iphoneos*]" = "iPhone Developer";
				COPY_PHASE_STRIP = NO;
				DEBUG_INFORMATION_FORMAT = dwarf;
				ENABLE_STRICT_OBJC_MSGSEND = YES;
				ENABLE_TESTABILITY = YES;
				GCC_C_LANGUAGE_STANDARD = gnu99;
				GCC_DYNAMIC_NO_PIC = NO;
				GCC_NO_COMMON_BLOCKS = YES;
				GCC_OPTIMIZATION_LEVEL = 0;
				GCC_PREPROCESSOR_DEFINITIONS = (
					"DEBUG=1",
					"$(inherited)",
				);
				GCC_WARN_64_TO_32_BIT_CONVERSION = YES;
				GCC_WARN_ABOUT_RETURN_TYPE = YES_ERROR;
				GCC_WARN_UNDECLARED_SELECTOR = YES;
				GCC_WARN_UNINITIALIZED_AUTOS = YES_AGGRESSIVE;
				GCC_WARN_UNUSED_FUNCTION = YES;
				GCC_WARN_UNUSED_VARIABLE = YES;
				IPHONEOS_DEPLOYMENT_TARGET = 10.0;
				MTL_ENABLE_DEBUG_INFO = YES;
				ONLY_ACTIVE_ARCH = YES;
				SDKROOT = iphoneos;
				SWIFT_ACTIVE_COMPILATION_CONDITIONS = DEBUG;
				SWIFT_OPTIMIZATION_LEVEL = "-Onone";
			};
			name = Debug;
		};
		CF3E26641DC72CD60004A2E8 /* Release */ = {
			isa = XCBuildConfiguration;
			buildSettings = {
				ALWAYS_SEARCH_USER_PATHS = NO;
				CLANG_ANALYZER_NONNULL = YES;
				CLANG_CXX_LANGUAGE_STANDARD = "gnu++0x";
				CLANG_CXX_LIBRARY = "libc++";
				CLANG_ENABLE_MODULES = YES;
				CLANG_ENABLE_OBJC_ARC = YES;
				CLANG_WARN_BOOL_CONVERSION = YES;
				CLANG_WARN_CONSTANT_CONVERSION = YES;
				CLANG_WARN_DIRECT_OBJC_ISA_USAGE = YES_ERROR;
				CLANG_WARN_DOCUMENTATION_COMMENTS = YES;
				CLANG_WARN_EMPTY_BODY = YES;
				CLANG_WARN_ENUM_CONVERSION = YES;
				CLANG_WARN_INFINITE_RECURSION = YES;
				CLANG_WARN_INT_CONVERSION = YES;
				CLANG_WARN_OBJC_ROOT_CLASS = YES_ERROR;
				CLANG_WARN_SUSPICIOUS_MOVES = YES;
				CLANG_WARN_UNREACHABLE_CODE = YES;
				CLANG_WARN__DUPLICATE_METHOD_MATCH = YES;
				"CODE_SIGN_IDENTITY[sdk=iphoneos*]" = "iPhone Developer";
				COPY_PHASE_STRIP = NO;
				DEBUG_INFORMATION_FORMAT = "dwarf-with-dsym";
				ENABLE_NS_ASSERTIONS = NO;
				ENABLE_STRICT_OBJC_MSGSEND = YES;
				GCC_C_LANGUAGE_STANDARD = gnu99;
				GCC_NO_COMMON_BLOCKS = YES;
				GCC_WARN_64_TO_32_BIT_CONVERSION = YES;
				GCC_WARN_ABOUT_RETURN_TYPE = YES_ERROR;
				GCC_WARN_UNDECLARED_SELECTOR = YES;
				GCC_WARN_UNINITIALIZED_AUTOS = YES_AGGRESSIVE;
				GCC_WARN_UNUSED_FUNCTION = YES;
				GCC_WARN_UNUSED_VARIABLE = YES;
				IPHONEOS_DEPLOYMENT_TARGET = 10.0;
				MTL_ENABLE_DEBUG_INFO = NO;
				SDKROOT = iphoneos;
				SWIFT_OPTIMIZATION_LEVEL = "-Owholemodule";
				VALIDATE_PRODUCT = YES;
			};
			name = Release;
		};
		CF3E26661DC72CD60004A2E8 /* Debug */ = {
			isa = XCBuildConfiguration;
			buildSettings = {
				ASSETCATALOG_COMPILER_APPICON_NAME = AppIcon;
				INFOPLIST_FILE = 00368044/Info.plist;
				LD_RUNPATH_SEARCH_PATHS = "$(inherited) @executable_path/Frameworks";
				PRODUCT_BUNDLE_IDENTIFIER = "test.-0368044";
				PRODUCT_NAME = "$(TARGET_NAME)";
				SWIFT_VERSION = 3.0;
			};
			name = Debug;
		};
		CF3E26671DC72CD60004A2E8 /* Release */ = {
			isa = XCBuildConfiguration;
			buildSettings = {
				ASSETCATALOG_COMPILER_APPICON_NAME = AppIcon;
				INFOPLIST_FILE = 00368044/Info.plist;
				LD_RUNPATH_SEARCH_PATHS = "$(inherited) @executable_path/Frameworks";
				PRODUCT_BUNDLE_IDENTIFIER = "test.-0368044";
				PRODUCT_NAME = "$(TARGET_NAME)";
				SWIFT_VERSION = 3.0;
			};
			name = Release;
		};
/* End XCBuildConfiguration section */

/* Begin XCConfigurationList section */
		CF3E264E1DC72CD50004A2E8 /* Build configuration list for PBXProject "00368044" */ = {
			isa = XCConfigurationList;
			buildConfigurations = (
				CF3E26631DC72CD60004A2E8 /* Debug */,
				CF3E26641DC72CD60004A2E8 /* Release */,
			);
			defaultConfigurationIsVisible = 0;
			defaultConfigurationName = Release;
		};
		CF3E26651DC72CD60004A2E8 /* Build configuration list for PBXNativeTarget "00368044" */ = {
			isa = XCConfigurationList;
			buildConfigurations = (
				CF3E26661DC72CD60004A2E8 /* Debug */,
				CF3E26671DC72CD60004A2E8 /* Release */,
			);
			defaultConfigurationIsVisible = 0;
		};
/* End XCConfigurationList section */
	};
	rootObject = CF3E264B1DC72CD50004A2E8 /* Project object */;
}
